
Microsoft Visual Studio Solution File, Format Version 12.00
# Visual Studio Version 17
VisualStudioVersion = 17.11.35327.3
MinimumVisualStudioVersion = 10.0.40219.1
Project("{9A19103F-16F7-4668-BE54-9A1E7A4F7556}") = "1. Count Real Numbers", "1. Count Real Numbers\1. Count Real Numbers.csproj", "{A0474A3A-CB84-4783-87A7-D6D4EC70537C}"
EndProject
Project("{9A19103F-16F7-4668-BE54-9A1E7A4F7556}") = "2.  Odd Occurances", "2.  Odd Occurances\2.  Odd Occurances.csproj", "{CD0F028E-4FF1-45DC-9798-D6846B01BF59}"
EndProject
Project("{FAE04EC0-301F-11D3-BF4B-00C04F79EFBC}") = "3. Word Synonims", "3. Word Synonims\3. Word Synonims.csproj", "{F99B62CA-0C8F-49EC-A04C-91D27492F60F}"
EndProject
Project("{FAE04EC0-301F-11D3-BF4B-00C04F79EFBC}") = "4. Word Filter", "4. Word Filter\4. Word Filter.csproj", "{436A5F88-7446-4AC5-9BD6-3364F954F33F}"
EndProject
Global
	GlobalSection(SolutionConfigurationPlatforms) = preSolution
		Debug|Any CPU = Debug|Any CPU
		Release|Any CPU = Release|Any CPU
	EndGlobalSection
	GlobalSection(ProjectConfigurationPlatforms) = postSolution
		{A0474A3A-CB84-4783-87A7-D6D4EC70537C}.Debug|Any CPU.ActiveCfg = Debug|Any CPU
		{A0474A3A-CB84-4783-87A7-D6D4EC70537C}.Debug|Any CPU.Build.0 = Debug|Any CPU
		{A0474A3A-CB84-4783-87A7-D6D4EC70537C}.Release|Any CPU.ActiveCfg = Release|Any CPU
		{A0474A3A-CB84-4783-87A7-D6D4EC70537C}.Release|Any CPU.Build.0 = Release|Any CPU
		{CD0F028E-4FF1-45DC-9798-D6846B01BF59}.Debug|Any CPU.ActiveCfg = Debug|Any CPU
		{CD0F028E-4FF1-45DC-9798-D6846B01BF59}.Debug|Any CPU.Build.0 = Debug|Any CPU
		{CD0F028E-4FF1-45DC-9798-D6846B01BF59}.Release|Any CPU.ActiveCfg = Release|Any CPU
		{CD0F028E-4FF1-45DC-9798-D6846B01BF59}.Release|Any CPU.Build.0 = Release|Any CPU
		{F99B62CA-0C8F-49EC-A04C-91D27492F60F}.Debug|Any CPU.ActiveCfg = Debug|Any CPU
		{F99B62CA-0C8F-49EC-A04C-91D27492F60F}.Debug|Any CPU.Build.0 = Debug|Any CPU
		{F99B62CA-0C8F-49EC-A04C-91D27492F60F}.Release|Any CPU.ActiveCfg = Release|Any CPU
		{F99B62CA-0C8F-49EC-A04C-91D27492F60F}.Release|Any CPU.Build.0 = Release|Any CPU
		{436A5F88-7446-4AC5-9BD6-3364F954F33F}.Debug|Any CPU.ActiveCfg = Debug|Any CPU
		{436A5F88-7446-4AC5-9BD6-3364F954F33F}.Debug|Any CPU.Build.0 = Debug|Any CPU
		{436A5F88-7446-4AC5-9BD6-3364F954F33F}.Release|Any CPU.ActiveCfg = Release|Any CPU
		{436A5F88-7446-4AC5-9BD6-3364F954F33F}.Release|Any CPU.Build.0 = Release|Any CPU
	EndGlobalSection
	GlobalSection(SolutionProperties) = preSolution
		HideSolutionNode = FALSE
	EndGlobalSection
	GlobalSection(ExtensibilityGlobals) = postSolution
		SolutionGuid = {0D29E0B2-6C0F-4C5E-A1F8-CB6ED363AB67}
	EndGlobalSection
EndGlobal
