
Microsoft Visual Studio Solution File, Format Version 12.00
# Visual Studio Version 17
VisualStudioVersion = 17.9.34728.123
MinimumVisualStudioVersion = 10.0.40219.1
Project("{FAE04EC0-301F-11D3-BF4B-00C04F79EFBC}") = "1. Change list", "1. Change list\1. Change list.csproj", "{40B5B626-9163-4C3D-8478-1CEDBD9BEA4D}"
EndProject
Project("{FAE04EC0-301F-11D3-BF4B-00C04F79EFBC}") = "2. House Party", "2. House Party\2. House Party.csproj", "{2D423E2D-ACDC-435A-99AB-1CABA374BED2}"
EndProject
Project("{FAE04EC0-301F-11D3-BF4B-00C04F79EFBC}") = "3. List Operations", "3. List Operations\3. List Operations.csproj", "{D360B997-7AE6-42C2-8046-F21F34CDCEE0}"
EndProject
Project("{FAE04EC0-301F-11D3-BF4B-00C04F79EFBC}") = "4. List Manipulation Basics", "4. List Manipulation Basics\4. List Manipulation Basics.csproj", "{13CB3C0A-9AF5-475F-9ED1-57BF45CD0CF3}"
EndProject
Project("{FAE04EC0-301F-11D3-BF4B-00C04F79EFBC}") = "5. Bomb Numbers", "5. Bomb Numbers\5. Bomb Numbers.csproj", "{82E52D49-8635-4BD5-A72F-C10DE735F76F}"
EndProject
Global
	GlobalSection(SolutionConfigurationPlatforms) = preSolution
		Debug|Any CPU = Debug|Any CPU
		Release|Any CPU = Release|Any CPU
	EndGlobalSection
	GlobalSection(ProjectConfigurationPlatforms) = postSolution
		{40B5B626-9163-4C3D-8478-1CEDBD9BEA4D}.Debug|Any CPU.ActiveCfg = Debug|Any CPU
		{40B5B626-9163-4C3D-8478-1CEDBD9BEA4D}.Debug|Any CPU.Build.0 = Debug|Any CPU
		{40B5B626-9163-4C3D-8478-1CEDBD9BEA4D}.Release|Any CPU.ActiveCfg = Release|Any CPU
		{40B5B626-9163-4C3D-8478-1CEDBD9BEA4D}.Release|Any CPU.Build.0 = Release|Any CPU
		{2D423E2D-ACDC-435A-99AB-1CABA374BED2}.Debug|Any CPU.ActiveCfg = Debug|Any CPU
		{2D423E2D-ACDC-435A-99AB-1CABA374BED2}.Debug|Any CPU.Build.0 = Debug|Any CPU
		{2D423E2D-ACDC-435A-99AB-1CABA374BED2}.Release|Any CPU.ActiveCfg = Release|Any CPU
		{2D423E2D-ACDC-435A-99AB-1CABA374BED2}.Release|Any CPU.Build.0 = Release|Any CPU
		{D360B997-7AE6-42C2-8046-F21F34CDCEE0}.Debug|Any CPU.ActiveCfg = Debug|Any CPU
		{D360B997-7AE6-42C2-8046-F21F34CDCEE0}.Debug|Any CPU.Build.0 = Debug|Any CPU
		{D360B997-7AE6-42C2-8046-F21F34CDCEE0}.Release|Any CPU.ActiveCfg = Release|Any CPU
		{D360B997-7AE6-42C2-8046-F21F34CDCEE0}.Release|Any CPU.Build.0 = Release|Any CPU
		{13CB3C0A-9AF5-475F-9ED1-57BF45CD0CF3}.Debug|Any CPU.ActiveCfg = Debug|Any CPU
		{13CB3C0A-9AF5-475F-9ED1-57BF45CD0CF3}.Debug|Any CPU.Build.0 = Debug|Any CPU
		{13CB3C0A-9AF5-475F-9ED1-57BF45CD0CF3}.Release|Any CPU.ActiveCfg = Release|Any CPU
		{13CB3C0A-9AF5-475F-9ED1-57BF45CD0CF3}.Release|Any CPU.Build.0 = Release|Any CPU
		{82E52D49-8635-4BD5-A72F-C10DE735F76F}.Debug|Any CPU.ActiveCfg = Debug|Any CPU
		{82E52D49-8635-4BD5-A72F-C10DE735F76F}.Debug|Any CPU.Build.0 = Debug|Any CPU
		{82E52D49-8635-4BD5-A72F-C10DE735F76F}.Release|Any CPU.ActiveCfg = Release|Any CPU
		{82E52D49-8635-4BD5-A72F-C10DE735F76F}.Release|Any CPU.Build.0 = Release|Any CPU
	EndGlobalSection
	GlobalSection(SolutionProperties) = preSolution
		HideSolutionNode = FALSE
	EndGlobalSection
	GlobalSection(ExtensibilityGlobals) = postSolution
		SolutionGuid = {F3C7FBD5-1224-4F60-9515-F105FB29274B}
	EndGlobalSection
EndGlobal
