
Microsoft Visual Studio Solution File, Format Version 12.00
# Visual Studio Version 17
VisualStudioVersion = 17.9.34728.123
MinimumVisualStudioVersion = 10.0.40219.1
Project("{FAE04EC0-301F-11D3-BF4B-00C04F79EFBC}") = "Test", "Test\Test.csproj", "{0DB610A5-4D71-4DF9-96B7-4FD44FC2DFB5}"
EndProject
Project("{FAE04EC0-301F-11D3-BF4B-00C04F79EFBC}") = "1. Study Time Tracker", "1. Study Time Tracker\1. Study Time Tracker.csproj", "{A7F46273-3607-45AF-A305-612F94A1B9BB}"
EndProject
Project("{FAE04EC0-301F-11D3-BF4B-00C04F79EFBC}") = "2. TemperatureCategorization", "2. TemperatureCategorization\2. TemperatureCategorization.csproj", "{3932B775-2C25-4E20-990A-D53878EF4C18}"
EndProject
Global
	GlobalSection(SolutionConfigurationPlatforms) = preSolution
		Debug|Any CPU = Debug|Any CPU
		Release|Any CPU = Release|Any CPU
	EndGlobalSection
	GlobalSection(ProjectConfigurationPlatforms) = postSolution
		{0DB610A5-4D71-4DF9-96B7-4FD44FC2DFB5}.Debug|Any CPU.ActiveCfg = Debug|Any CPU
		{0DB610A5-4D71-4DF9-96B7-4FD44FC2DFB5}.Debug|Any CPU.Build.0 = Debug|Any CPU
		{0DB610A5-4D71-4DF9-96B7-4FD44FC2DFB5}.Release|Any CPU.ActiveCfg = Release|Any CPU
		{0DB610A5-4D71-4DF9-96B7-4FD44FC2DFB5}.Release|Any CPU.Build.0 = Release|Any CPU
		{A7F46273-3607-45AF-A305-612F94A1B9BB}.Debug|Any CPU.ActiveCfg = Debug|Any CPU
		{A7F46273-3607-45AF-A305-612F94A1B9BB}.Debug|Any CPU.Build.0 = Debug|Any CPU
		{A7F46273-3607-45AF-A305-612F94A1B9BB}.Release|Any CPU.ActiveCfg = Release|Any CPU
		{A7F46273-3607-45AF-A305-612F94A1B9BB}.Release|Any CPU.Build.0 = Release|Any CPU
		{3932B775-2C25-4E20-990A-D53878EF4C18}.Debug|Any CPU.ActiveCfg = Debug|Any CPU
		{3932B775-2C25-4E20-990A-D53878EF4C18}.Debug|Any CPU.Build.0 = Debug|Any CPU
		{3932B775-2C25-4E20-990A-D53878EF4C18}.Release|Any CPU.ActiveCfg = Release|Any CPU
		{3932B775-2C25-4E20-990A-D53878EF4C18}.Release|Any CPU.Build.0 = Release|Any CPU
	EndGlobalSection
	GlobalSection(SolutionProperties) = preSolution
		HideSolutionNode = FALSE
	EndGlobalSection
	GlobalSection(ExtensibilityGlobals) = postSolution
		SolutionGuid = {9B3161C7-EC78-40C3-89ED-8B4D2F20DA3C}
	EndGlobalSection
EndGlobal
