
Microsoft Visual Studio Solution File, Format Version 12.00
# Visual Studio Version 17
VisualStudioVersion = 17.11.35327.3
MinimumVisualStudioVersion = 10.0.40219.1
Project("{FAE04EC0-301F-11D3-BF4B-00C04F79EFBC}") = "ObjectsAndClasses_Exe", "ObjectsAndClasses_Exe\ObjectsAndClasses_Exe.csproj", "{81052E78-D66F-4155-A8B9-1835817AB48D}"
EndProject
Global
	GlobalSection(SolutionConfigurationPlatforms) = preSolution
		Debug|Any CPU = Debug|Any CPU
		Release|Any CPU = Release|Any CPU
	EndGlobalSection
	GlobalSection(ProjectConfigurationPlatforms) = postSolution
		{81052E78-D66F-4155-A8B9-1835817AB48D}.Debug|Any CPU.ActiveCfg = Debug|Any CPU
		{81052E78-D66F-4155-A8B9-1835817AB48D}.Debug|Any CPU.Build.0 = Debug|Any CPU
		{81052E78-D66F-4155-A8B9-1835817AB48D}.Release|Any CPU.ActiveCfg = Release|Any CPU
		{81052E78-D66F-4155-A8B9-1835817AB48D}.Release|Any CPU.Build.0 = Release|Any CPU
	EndGlobalSection
	GlobalSection(SolutionProperties) = preSolution
		HideSolutionNode = FALSE
	EndGlobalSection
	GlobalSection(ExtensibilityGlobals) = postSolution
		SolutionGuid = {E77D5864-26BF-42DC-8F07-8A6B9196A7ED}
	EndGlobalSection
EndGlobal
