
Microsoft Visual Studio Solution File, Format Version 12.00
# Visual Studio Version 17
VisualStudioVersion = 17.14.36623.8
MinimumVisualStudioVersion = 10.0.40219.1
Project("{FAE04EC0-301F-11D3-BF4B-00C04F79EFBC}") = "RestSharpTestDemo", "RestSharpTestDemo\RestSharpTestDemo.csproj", "{4817ED7B-C723-42D7-93AB-CEFB4B2193D3}"
EndProject
Project("{FAE04EC0-301F-11D3-BF4B-00C04F79EFBC}") = "ZippopotamUSDemo", "ZippopotamUSDemo\ZippopotamUSDemo.csproj", "{C0CE4BD4-C9CB-4D69-8905-728BA307A477}"
EndProject
Global
	GlobalSection(SolutionConfigurationPlatforms) = preSolution
		Debug|Any CPU = Debug|Any CPU
		Release|Any CPU = Release|Any CPU
	EndGlobalSection
	GlobalSection(ProjectConfigurationPlatforms) = postSolution
		{4817ED7B-C723-42D7-93AB-CEFB4B2193D3}.Debug|Any CPU.ActiveCfg = Debug|Any CPU
		{4817ED7B-C723-42D7-93AB-CEFB4B2193D3}.Debug|Any CPU.Build.0 = Debug|Any CPU
		{4817ED7B-C723-42D7-93AB-CEFB4B2193D3}.Release|Any CPU.ActiveCfg = Release|Any CPU
		{4817ED7B-C723-42D7-93AB-CEFB4B2193D3}.Release|Any CPU.Build.0 = Release|Any CPU
		{C0CE4BD4-C9CB-4D69-8905-728BA307A477}.Debug|Any CPU.ActiveCfg = Debug|Any CPU
		{C0CE4BD4-C9CB-4D69-8905-728BA307A477}.Debug|Any CPU.Build.0 = Debug|Any CPU
		{C0CE4BD4-C9CB-4D69-8905-728BA307A477}.Release|Any CPU.ActiveCfg = Release|Any CPU
		{C0CE4BD4-C9CB-4D69-8905-728BA307A477}.Release|Any CPU.Build.0 = Release|Any CPU
	EndGlobalSection
	GlobalSection(SolutionProperties) = preSolution
		HideSolutionNode = FALSE
	EndGlobalSection
	GlobalSection(ExtensibilityGlobals) = postSolution
		SolutionGuid = {E4EDA57B-DB08-4CAA-877B-1D8FA11F4FFF}
	EndGlobalSection
EndGlobal
